
Microsoft Visual Studio Solution File, Format Version 12.00
# Visual Studio Version 16
VisualStudioVersion = 16.0.30804.86
MinimumVisualStudioVersion = 10.0.40219.1
Project("{FAE04EC0-301F-11D3-BF4B-00C04F79EFBC}") = "Task List Capstone", "Task List Capstone\Task List Capstone.csproj", "{A7544A33-BE50-459C-902F-0569A22D1CBB}"
EndProject
Global
	GlobalSection(SolutionConfigurationPlatforms) = preSolution
		Debug|Any CPU = Debug|Any CPU
		Release|Any CPU = Release|Any CPU
	EndGlobalSection
	GlobalSection(ProjectConfigurationPlatforms) = postSolution
		{A7544A33-BE50-459C-902F-0569A22D1CBB}.Debug|Any CPU.ActiveCfg = Debug|Any CPU
		{A7544A33-BE50-459C-902F-0569A22D1CBB}.Debug|Any CPU.Build.0 = Debug|Any CPU
		{A7544A33-BE50-459C-902F-0569A22D1CBB}.Release|Any CPU.ActiveCfg = Release|Any CPU
		{A7544A33-BE50-459C-902F-0569A22D1CBB}.Release|Any CPU.Build.0 = Release|Any CPU
	EndGlobalSection
	GlobalSection(SolutionProperties) = preSolution
		HideSolutionNode = FALSE
	EndGlobalSection
	GlobalSection(ExtensibilityGlobals) = postSolution
		SolutionGuid = {95ED7603-AC93-491E-A0F7-A065ED9ECF73}
	EndGlobalSection
EndGlobal
